// !$*UTF8*$!
{
	archiveVersion = 1;
	classes = {
	};
	objectVersion = 50;
	objects = {

/* Begin PBXBuildFile section */
		362CFF6422EFA7F3006FDFAF /* AppDelegate.swift in Sources */ = {isa = PBXBuildFile; fileRef = 362CFF6322EFA7F3006FDFAF /* AppDelegate.swift */; };
		362CFF6622EFA7F3006FDFAF /* TaskCreationViewController.swift in Sources */ = {isa = PBXBuildFile; fileRef = 362CFF6522EFA7F3006FDFAF /* TaskCreationViewController.swift */; };
		362CFF6922EFA7F3006FDFAF /* TaskCreation.storyboard in Resources */ = {isa = PBXBuildFile; fileRef = 362CFF6722EFA7F3006FDFAF /* TaskCreation.storyboard */; };
		362CFF6C22EFA7F3006FDFAF /* HomeworkPlanner.xcdatamodeld in Sources */ = {isa = PBXBuildFile; fileRef = 362CFF6A22EFA7F3006FDFAF /* HomeworkPlanner.xcdatamodeld */; };
		362CFF6E22EFA7F5006FDFAF /* Assets.xcassets in Resources */ = {isa = PBXBuildFile; fileRef = 362CFF6D22EFA7F5006FDFAF /* Assets.xcassets */; };
		362CFF7122EFA7F5006FDFAF /* LaunchScreen.storyboard in Resources */ = {isa = PBXBuildFile; fileRef = 362CFF6F22EFA7F5006FDFAF /* LaunchScreen.storyboard */; };
		362CFF7C22EFA96E006FDFAF /* TaskCreationModel.swift in Sources */ = {isa = PBXBuildFile; fileRef = 362CFF7B22EFA96E006FDFAF /* TaskCreationModel.swift */; };
		362CFF7F22EFA990006FDFAF /* TaskListViewController.swift in Sources */ = {isa = PBXBuildFile; fileRef = 362CFF7E22EFA990006FDFAF /* TaskListViewController.swift */; };
		362CFF8122EFA99D006FDFAF /* TaskListModel.swift in Sources */ = {isa = PBXBuildFile; fileRef = 362CFF8022EFA99D006FDFAF /* TaskListModel.swift */; };
		362CFF8322EFA9B1006FDFAF /* TaskList.storyboard in Resources */ = {isa = PBXBuildFile; fileRef = 362CFF8222EFA9B1006FDFAF /* TaskList.storyboard */; };
		362CFF8622EFA9D5006FDFAF /* TaskCalendar.storyboard in Resources */ = {isa = PBXBuildFile; fileRef = 362CFF8522EFA9D5006FDFAF /* TaskCalendar.storyboard */; };
		362CFF8822EFA9E9006FDFAF /* TaskCalendarViewController.swift in Sources */ = {isa = PBXBuildFile; fileRef = 362CFF8722EFA9E9006FDFAF /* TaskCalendarViewController.swift */; };
		362CFF8A22EFA9FC006FDFAF /* TaskCalendarModel.swift in Sources */ = {isa = PBXBuildFile; fileRef = 362CFF8922EFA9FC006FDFAF /* TaskCalendarModel.swift */; };
		362CFF8D22EFAB44006FDFAF /* HomeworkTask.swift in Sources */ = {isa = PBXBuildFile; fileRef = 362CFF8C22EFAB44006FDFAF /* HomeworkTask.swift */; };
/* End PBXBuildFile section */

/* Begin PBXFileReference section */
		362CFF6022EFA7F3006FDFAF /* HomeworkPlanner.app */ = {isa = PBXFileReference; explicitFileType = wrapper.application; includeInIndex = 0; path = HomeworkPlanner.app; sourceTree = BUILT_PRODUCTS_DIR; };
		362CFF6322EFA7F3006FDFAF /* AppDelegate.swift */ = {isa = PBXFileReference; lastKnownFileType = sourcecode.swift; path = AppDelegate.swift; sourceTree = "<group>"; };
		362CFF6522EFA7F3006FDFAF /* TaskCreationViewController.swift */ = {isa = PBXFileReference; lastKnownFileType = sourcecode.swift; path = TaskCreationViewController.swift; sourceTree = "<group>"; };
		362CFF6822EFA7F3006FDFAF /* Base */ = {isa = PBXFileReference; lastKnownFileType = file.storyboard; name = Base; path = Base.lproj/TaskCreation.storyboard; sourceTree = "<group>"; };
		362CFF6B22EFA7F3006FDFAF /* HomeworkPlanner.xcdatamodel */ = {isa = PBXFileReference; lastKnownFileType = wrapper.xcdatamodel; path = HomeworkPlanner.xcdatamodel; sourceTree = "<group>"; };
		362CFF6D22EFA7F5006FDFAF /* Assets.xcassets */ = {isa = PBXFileReference; lastKnownFileType = folder.assetcatalog; path = Assets.xcassets; sourceTree = "<group>"; };
		362CFF7022EFA7F5006FDFAF /* Base */ = {isa = PBXFileReference; lastKnownFileType = file.storyboard; name = Base; path = Base.lproj/LaunchScreen.storyboard; sourceTree = "<group>"; };
		362CFF7222EFA7F5006FDFAF /* Info.plist */ = {isa = PBXFileReference; lastKnownFileType = text.plist.xml; path = Info.plist; sourceTree = "<group>"; };
		362CFF7B22EFA96E006FDFAF /* TaskCreationModel.swift */ = {isa = PBXFileReference; lastKnownFileType = sourcecode.swift; path = TaskCreationModel.swift; sourceTree = "<group>"; };
		362CFF7E22EFA990006FDFAF /* TaskListViewController.swift */ = {isa = PBXFileReference; lastKnownFileType = sourcecode.swift; path = TaskListViewController.swift; sourceTree = "<group>"; };
		362CFF8022EFA99D006FDFAF /* TaskListModel.swift */ = {isa = PBXFileReference; lastKnownFileType = sourcecode.swift; path = TaskListModel.swift; sourceTree = "<group>"; };
		362CFF8222EFA9B1006FDFAF /* TaskList.storyboard */ = {isa = PBXFileReference; lastKnownFileType = file.storyboard; path = TaskList.storyboard; sourceTree = "<group>"; };
		362CFF8522EFA9D5006FDFAF /* TaskCalendar.storyboard */ = {isa = PBXFileReference; lastKnownFileType = file.storyboard; path = TaskCalendar.storyboard; sourceTree = "<group>"; };
		362CFF8722EFA9E9006FDFAF /* TaskCalendarViewController.swift */ = {isa = PBXFileReference; lastKnownFileType = sourcecode.swift; path = TaskCalendarViewController.swift; sourceTree = "<group>"; };
		362CFF8922EFA9FC006FDFAF /* TaskCalendarModel.swift */ = {isa = PBXFileReference; lastKnownFileType = sourcecode.swift; path = TaskCalendarModel.swift; sourceTree = "<group>"; };
		362CFF8C22EFAB44006FDFAF /* HomeworkTask.swift */ = {isa = PBXFileReference; lastKnownFileType = sourcecode.swift; path = HomeworkTask.swift; sourceTree = "<group>"; };
		362CFF9022EFC59C006FDFAF /* README.md */ = {isa = PBXFileReference; lastKnownFileType = net.daringfireball.markdown; path = README.md; sourceTree = "<group>"; };
/* End PBXFileReference section */

/* Begin PBXFrameworksBuildPhase section */
		362CFF5D22EFA7F3006FDFAF /* Frameworks */ = {
			isa = PBXFrameworksBuildPhase;
			buildActionMask = 2147483647;
			files = (
			);
			runOnlyForDeploymentPostprocessing = 0;
		};
/* End PBXFrameworksBuildPhase section */

/* Begin PBXGroup section */
		362CFF5722EFA7F3006FDFAF = {
			isa = PBXGroup;
			children = (
				362CFF6222EFA7F3006FDFAF /* HomeworkPlanner */,
				362CFF6122EFA7F3006FDFAF /* Products */,
			);
			sourceTree = "<group>";
		};
		362CFF6122EFA7F3006FDFAF /* Products */ = {
			isa = PBXGroup;
			children = (
				362CFF6022EFA7F3006FDFAF /* HomeworkPlanner.app */,
			);
			name = Products;
			sourceTree = "<group>";
		};
		362CFF6222EFA7F3006FDFAF /* HomeworkPlanner */ = {
			isa = PBXGroup;
			children = (
				362CFF8B22EFAA5D006FDFAF /* Task */,
				362CFF7922EFA8BD006FDFAF /* Supporting Files */,
				362CFF6A22EFA7F3006FDFAF /* HomeworkPlanner.xcdatamodeld */,
				362CFF9022EFC59C006FDFAF /* README.md */,
			);
			path = HomeworkPlanner;
			sourceTree = "<group>";
		};
		362CFF7922EFA8BD006FDFAF /* Supporting Files */ = {
			isa = PBXGroup;
			children = (
				362CFF6D22EFA7F5006FDFAF /* Assets.xcassets */,
				362CFF6F22EFA7F5006FDFAF /* LaunchScreen.storyboard */,
				362CFF7222EFA7F5006FDFAF /* Info.plist */,
				362CFF6322EFA7F3006FDFAF /* AppDelegate.swift */,
			);
			name = "Supporting Files";
			sourceTree = "<group>";
		};
		362CFF7A22EFA946006FDFAF /* Creation */ = {
			isa = PBXGroup;
			children = (
				362CFF6722EFA7F3006FDFAF /* TaskCreation.storyboard */,
				362CFF6522EFA7F3006FDFAF /* TaskCreationViewController.swift */,
				362CFF7B22EFA96E006FDFAF /* TaskCreationModel.swift */,
			);
			path = Creation;
			sourceTree = "<group>";
		};
		362CFF7D22EFA975006FDFAF /* List */ = {
			isa = PBXGroup;
			children = (
				362CFF7E22EFA990006FDFAF /* TaskListViewController.swift */,
				362CFF8022EFA99D006FDFAF /* TaskListModel.swift */,
				362CFF8222EFA9B1006FDFAF /* TaskList.storyboard */,
			);
			path = List;
			sourceTree = "<group>";
		};
		362CFF8422EFA9BB006FDFAF /* Calendar */ = {
			isa = PBXGroup;
			children = (
				362CFF8522EFA9D5006FDFAF /* TaskCalendar.storyboard */,
				362CFF8722EFA9E9006FDFAF /* TaskCalendarViewController.swift */,
				362CFF8922EFA9FC006FDFAF /* TaskCalendarModel.swift */,
			);
			path = Calendar;
			sourceTree = "<group>";
		};
		362CFF8B22EFAA5D006FDFAF /* Task */ = {
			isa = PBXGroup;
			children = (
				362CFF7A22EFA946006FDFAF /* Creation */,
				362CFF7D22EFA975006FDFAF /* List */,
				362CFF8422EFA9BB006FDFAF /* Calendar */,
				362CFF8C22EFAB44006FDFAF /* HomeworkTask.swift */,
			);
			path = Task;
			sourceTree = "<group>";
		};
/* End PBXGroup section */

/* Begin PBXNativeTarget section */
		362CFF5F22EFA7F3006FDFAF /* HomeworkPlanner */ = {
			isa = PBXNativeTarget;
			buildConfigurationList = 362CFF7522EFA7F5006FDFAF /* Build configuration list for PBXNativeTarget "HomeworkPlanner" */;
			buildPhases = (
				362CFF5C22EFA7F3006FDFAF /* Sources */,
				362CFF5D22EFA7F3006FDFAF /* Frameworks */,
				362CFF5E22EFA7F3006FDFAF /* Resources */,
			);
			buildRules = (
			);
			dependencies = (
			);
			name = HomeworkPlanner;
			productName = HomeworkPlanner;
			productReference = 362CFF6022EFA7F3006FDFAF /* HomeworkPlanner.app */;
			productType = "com.apple.product-type.application";
		};
/* End PBXNativeTarget section */

/* Begin PBXProject section */
		362CFF5822EFA7F3006FDFAF /* Project object */ = {
			isa = PBXProject;
			attributes = {
				LastSwiftUpdateCheck = 1020;
				LastUpgradeCheck = 1020;
				ORGANIZATIONNAME = "Anderson, Lexi (UMSL-Student)";
				TargetAttributes = {
					362CFF5F22EFA7F3006FDFAF = {
						CreatedOnToolsVersion = 10.2.1;
					};
				};
			};
			buildConfigurationList = 362CFF5B22EFA7F3006FDFAF /* Build configuration list for PBXProject "HomeworkPlanner" */;
			compatibilityVersion = "Xcode 9.3";
			developmentRegion = en;
			hasScannedForEncodings = 0;
			knownRegions = (
				en,
				Base,
			);
			mainGroup = 362CFF5722EFA7F3006FDFAF;
			productRefGroup = 362CFF6122EFA7F3006FDFAF /* Products */;
			projectDirPath = "";
			projectRoot = "";
			targets = (
				362CFF5F22EFA7F3006FDFAF /* HomeworkPlanner */,
			);
		};
/* End PBXProject section */

/* Begin PBXResourcesBuildPhase section */
		362CFF5E22EFA7F3006FDFAF /* Resources */ = {
			isa = PBXResourcesBuildPhase;
			buildActionMask = 2147483647;
			files = (
				362CFF7122EFA7F5006FDFAF /* LaunchScreen.storyboard in Resources */,
				362CFF8622EFA9D5006FDFAF /* TaskCalendar.storyboard in Resources */,
				362CFF8322EFA9B1006FDFAF /* TaskList.storyboard in Resources */,
				362CFF6E22EFA7F5006FDFAF /* Assets.xcassets in Resources */,
				362CFF6922EFA7F3006FDFAF /* TaskCreation.storyboard in Resources */,
			);
			runOnlyForDeploymentPostprocessing = 0;
		};
/* End PBXResourcesBuildPhase section */

/* Begin PBXSourcesBuildPhase section */
		362CFF5C22EFA7F3006FDFAF /* Sources */ = {
			isa = PBXSourcesBuildPhase;
			buildActionMask = 2147483647;
			files = (
				362CFF8122EFA99D006FDFAF /* TaskListModel.swift in Sources */,
				362CFF6622EFA7F3006FDFAF /* TaskCreationViewController.swift in Sources */,
				362CFF7F22EFA990006FDFAF /* TaskListViewController.swift in Sources */,
				362CFF6422EFA7F3006FDFAF /* AppDelegate.swift in Sources */,
				362CFF8D22EFAB44006FDFAF /* HomeworkTask.swift in Sources */,
				362CFF8A22EFA9FC006FDFAF /* TaskCalendarModel.swift in Sources */,
				362CFF6C22EFA7F3006FDFAF /* HomeworkPlanner.xcdatamodeld in Sources */,
				362CFF8822EFA9E9006FDFAF /* TaskCalendarViewController.swift in Sources */,
				362CFF7C22EFA96E006FDFAF /* TaskCreationModel.swift in Sources */,
			);
			runOnlyForDeploymentPostprocessing = 0;
		};
/* End PBXSourcesBuildPhase section */

/* Begin PBXVariantGroup section */
		362CFF6722EFA7F3006FDFAF /* TaskCreation.storyboard */ = {
			isa = PBXVariantGroup;
			children = (
				362CFF6822EFA7F3006FDFAF /* Base */,
			);
			name = TaskCreation.storyboard;
			sourceTree = "<group>";
		};
		362CFF6F22EFA7F5006FDFAF /* LaunchScreen.storyboard */ = {
			isa = PBXVariantGroup;
			children = (
				362CFF7022EFA7F5006FDFAF /* Base */,
			);
			name = LaunchScreen.storyboard;
			sourceTree = "<group>";
		};
/* End PBXVariantGroup section */

/* Begin XCBuildConfiguration section */
		362CFF7322EFA7F5006FDFAF /* Debug */ = {
			isa = XCBuildConfiguration;
			buildSettings = {
				ALWAYS_SEARCH_USER_PATHS = NO;
				CLANG_ANALYZER_NONNULL = YES;
				CLANG_ANALYZER_NUMBER_OBJECT_CONVERSION = YES_AGGRESSIVE;
				CLANG_CXX_LANGUAGE_STANDARD = "gnu++14";
				CLANG_CXX_LIBRARY = "libc++";
				CLANG_ENABLE_MODULES = YES;
				CLANG_ENABLE_OBJC_ARC = YES;
				CLANG_ENABLE_OBJC_WEAK = YES;
				CLANG_WARN_BLOCK_CAPTURE_AUTORELEASING = YES;
				CLANG_WARN_BOOL_CONVERSION = YES;
				CLANG_WARN_COMMA = YES;
				CLANG_WARN_CONSTANT_CONVERSION = YES;
				CLANG_WARN_DEPRECATED_OBJC_IMPLEMENTATIONS = YES;
				CLANG_WARN_DIRECT_OBJC_ISA_USAGE = YES_ERROR;
				CLANG_WARN_DOCUMENTATION_COMMENTS = YES;
				CLANG_WARN_EMPTY_BODY = YES;
				CLANG_WARN_ENUM_CONVERSION = YES;
				CLANG_WARN_INFINITE_RECURSION = YES;
				CLANG_WARN_INT_CONVERSION = YES;
				CLANG_WARN_NON_LITERAL_NULL_CONVERSION = YES;
				CLANG_WARN_OBJC_IMPLICIT_RETAIN_SELF = YES;
				CLANG_WARN_OBJC_LITERAL_CONVERSION = YES;
				CLANG_WARN_OBJC_ROOT_CLASS = YES_ERROR;
				CLANG_WARN_RANGE_LOOP_ANALYSIS = YES;
				CLANG_WARN_STRICT_PROTOTYPES = YES;
				CLANG_WARN_SUSPICIOUS_MOVE = YES;
				CLANG_WARN_UNGUARDED_AVAILABILITY = YES_AGGRESSIVE;
				CLANG_WARN_UNREACHABLE_CODE = YES;
				CLANG_WARN__DUPLICATE_METHOD_MATCH = YES;
				CODE_SIGN_IDENTITY = "iPhone Developer";
				COPY_PHASE_STRIP = NO;
				DEBUG_INFORMATION_FORMAT = dwarf;
				ENABLE_STRICT_OBJC_MSGSEND = YES;
				ENABLE_TESTABILITY = YES;
				GCC_C_LANGUAGE_STANDARD = gnu11;
				GCC_DYNAMIC_NO_PIC = NO;
				GCC_NO_COMMON_BLOCKS = YES;
				GCC_OPTIMIZATION_LEVEL = 0;
				GCC_PREPROCESSOR_DEFINITIONS = (
					"DEBUG=1",
					"$(inherited)",
				);
				GCC_WARN_64_TO_32_BIT_CONVERSION = YES;
				GCC_WARN_ABOUT_RETURN_TYPE = YES_ERROR;
				GCC_WARN_UNDECLARED_SELECTOR = YES;
				GCC_WARN_UNINITIALIZED_AUTOS = YES_AGGRESSIVE;
				GCC_WARN_UNUSED_FUNCTION = YES;
				GCC_WARN_UNUSED_VARIABLE = YES;
				IPHONEOS_DEPLOYMENT_TARGET = 12.2;
				MTL_ENABLE_DEBUG_INFO = INCLUDE_SOURCE;
				MTL_FAST_MATH = YES;
				ONLY_ACTIVE_ARCH = YES;
				SDKROOT = iphoneos;
				SWIFT_ACTIVE_COMPILATION_CONDITIONS = DEBUG;
				SWIFT_OPTIMIZATION_LEVEL = "-Onone";
			};
			name = Debug;
		};
		362CFF7422EFA7F5006FDFAF /* Release */ = {
			isa = XCBuildConfiguration;
			buildSettings = {
				ALWAYS_SEARCH_USER_PATHS = NO;
				CLANG_ANALYZER_NONNULL = YES;
				CLANG_ANALYZER_NUMBER_OBJECT_CONVERSION = YES_AGGRESSIVE;
				CLANG_CXX_LANGUAGE_STANDARD = "gnu++14";
				CLANG_CXX_LIBRARY = "libc++";
				CLANG_ENABLE_MODULES = YES;
				CLANG_ENABLE_OBJC_ARC = YES;
				CLANG_ENABLE_OBJC_WEAK = YES;
				CLANG_WARN_BLOCK_CAPTURE_AUTORELEASING = YES;
				CLANG_WARN_BOOL_CONVERSION = YES;
				CLANG_WARN_COMMA = YES;
				CLANG_WARN_CONSTANT_CONVERSION = YES;
				CLANG_WARN_DEPRECATED_OBJC_IMPLEMENTATIONS = YES;
				CLANG_WARN_DIRECT_OBJC_ISA_USAGE = YES_ERROR;
				CLANG_WARN_DOCUMENTATION_COMMENTS = YES;
				CLANG_WARN_EMPTY_BODY = YES;
				CLANG_WARN_ENUM_CONVERSION = YES;
				CLANG_WARN_INFINITE_RECURSION = YES;
				CLANG_WARN_INT_CONVERSION = YES;
				CLANG_WARN_NON_LITERAL_NULL_CONVERSION = YES;
				CLANG_WARN_OBJC_IMPLICIT_RETAIN_SELF = YES;
				CLANG_WARN_OBJC_LITERAL_CONVERSION = YES;
				CLANG_WARN_OBJC_ROOT_CLASS = YES_ERROR;
				CLANG_WARN_RANGE_LOOP_ANALYSIS = YES;
				CLANG_WARN_STRICT_PROTOTYPES = YES;
				CLANG_WARN_SUSPICIOUS_MOVE = YES;
				CLANG_WARN_UNGUARDED_AVAILABILITY = YES_AGGRESSIVE;
				CLANG_WARN_UNREACHABLE_CODE = YES;
				CLANG_WARN__DUPLICATE_METHOD_MATCH = YES;
				CODE_SIGN_IDENTITY = "iPhone Developer";
				COPY_PHASE_STRIP = NO;
				DEBUG_INFORMATION_FORMAT = "dwarf-with-dsym";
				ENABLE_NS_ASSERTIONS = NO;
				ENABLE_STRICT_OBJC_MSGSEND = YES;
				GCC_C_LANGUAGE_STANDARD = gnu11;
				GCC_NO_COMMON_BLOCKS = YES;
				GCC_WARN_64_TO_32_BIT_CONVERSION = YES;
				GCC_WARN_ABOUT_RETURN_TYPE = YES_ERROR;
				GCC_WARN_UNDECLARED_SELECTOR = YES;
				GCC_WARN_UNINITIALIZED_AUTOS = YES_AGGRESSIVE;
				GCC_WARN_UNUSED_FUNCTION = YES;
				GCC_WARN_UNUSED_VARIABLE = YES;
				IPHONEOS_DEPLOYMENT_TARGET = 12.2;
				MTL_ENABLE_DEBUG_INFO = NO;
				MTL_FAST_MATH = YES;
				SDKROOT = iphoneos;
				SWIFT_COMPILATION_MODE = wholemodule;
				SWIFT_OPTIMIZATION_LEVEL = "-O";
				VALIDATE_PRODUCT = YES;
			};
			name = Release;
		};
		362CFF7622EFA7F5006FDFAF /* Debug */ = {
			isa = XCBuildConfiguration;
			buildSettings = {
				ASSETCATALOG_COMPILER_APPICON_NAME = AppIcon;
				CODE_SIGN_STYLE = Automatic;
				DEVELOPMENT_TEAM = 66D77W9F59;
				INFOPLIST_FILE = HomeworkPlanner/Info.plist;
				LD_RUNPATH_SEARCH_PATHS = (
					"$(inherited)",
					"@executable_path/Frameworks",
				);
				PRODUCT_BUNDLE_IDENTIFIER = umsl.edu.HomeworkPlanner;
				PRODUCT_NAME = "$(TARGET_NAME)";
				SWIFT_VERSION = 5.0;
				TARGETED_DEVICE_FAMILY = "1,2";
			};
			name = Debug;
		};
		362CFF7722EFA7F5006FDFAF /* Release */ = {
			isa = XCBuildConfiguration;
			buildSettings = {
				ASSETCATALOG_COMPILER_APPICON_NAME = AppIcon;
				CODE_SIGN_STYLE = Automatic;
				DEVELOPMENT_TEAM = 66D77W9F59;
				INFOPLIST_FILE = HomeworkPlanner/Info.plist;
				LD_RUNPATH_SEARCH_PATHS = (
					"$(inherited)",
					"@executable_path/Frameworks",
				);
				PRODUCT_BUNDLE_IDENTIFIER = umsl.edu.HomeworkPlanner;
				PRODUCT_NAME = "$(TARGET_NAME)";
				SWIFT_VERSION = 5.0;
				TARGETED_DEVICE_FAMILY = "1,2";
			};
			name = Release;
		};
/* End XCBuildConfiguration section */

/* Begin XCConfigurationList section */
		362CFF5B22EFA7F3006FDFAF /* Build configuration list for PBXProject "HomeworkPlanner" */ = {
			isa = XCConfigurationList;
			buildConfigurations = (
				362CFF7322EFA7F5006FDFAF /* Debug */,
				362CFF7422EFA7F5006FDFAF /* Release */,
			);
			defaultConfigurationIsVisible = 0;
			defaultConfigurationName = Release;
		};
		362CFF7522EFA7F5006FDFAF /* Build configuration list for PBXNativeTarget "HomeworkPlanner" */ = {
			isa = XCConfigurationList;
			buildConfigurations = (
				362CFF7622EFA7F5006FDFAF /* Debug */,
				362CFF7722EFA7F5006FDFAF /* Release */,
			);
			defaultConfigurationIsVisible = 0;
			defaultConfigurationName = Release;
		};
/* End XCConfigurationList section */

/* Begin XCVersionGroup section */
		362CFF6A22EFA7F3006FDFAF /* HomeworkPlanner.xcdatamodeld */ = {
			isa = XCVersionGroup;
			children = (
				362CFF6B22EFA7F3006FDFAF /* HomeworkPlanner.xcdatamodel */,
			);
			currentVersion = 362CFF6B22EFA7F3006FDFAF /* HomeworkPlanner.xcdatamodel */;
			path = HomeworkPlanner.xcdatamodeld;
			sourceTree = "<group>";
			versionGroupType = wrapper.xcdatamodel;
		};
/* End XCVersionGroup section */
	};
	rootObject = 362CFF5822EFA7F3006FDFAF /* Project object */;
}
